
Microsoft Visual Studio Solution File, Format Version 12.00
# Visual Studio 15
VisualStudioVersion = 15.0.28307.852
MinimumVisualStudioVersion = 10.0.40219.1
Project("{FAE04EC0-301F-11D3-BF4B-00C04F79EFBC}") = "CSharpAPIDemo", "CSharpAPIDemo\CSharpAPIDemo.csproj", "{93C5F8B3-5A5E-4E6D-B8F3-F63BD6C56DBC}"
EndProject
Global
	GlobalSection(SolutionConfigurationPlatforms) = preSolution
		Debug|Any CPU = Debug|Any CPU
		Release|Any CPU = Release|Any CPU
	EndGlobalSection
	GlobalSection(ProjectConfigurationPlatforms) = postSolution
		{93C5F8B3-5A5E-4E6D-B8F3-F63BD6C56DBC}.Debug|Any CPU.ActiveCfg = Debug|Any CPU
		{93C5F8B3-5A5E-4E6D-B8F3-F63BD6C56DBC}.Debug|Any CPU.Build.0 = Debug|Any CPU
		{93C5F8B3-5A5E-4E6D-B8F3-F63BD6C56DBC}.Release|Any CPU.ActiveCfg = Release|Any CPU
		{93C5F8B3-5A5E-4E6D-B8F3-F63BD6C56DBC}.Release|Any CPU.Build.0 = Release|Any CPU
	EndGlobalSection
	GlobalSection(SolutionProperties) = preSolution
		HideSolutionNode = FALSE
	EndGlobalSection
	GlobalSection(ExtensibilityGlobals) = postSolution
		SolutionGuid = {BAD1ADA5-D50D-4669-AAEB-0358A13479A8}
	EndGlobalSection
EndGlobal
